# THIS IS AN AUTOGENERATED FILE. DO NOT EDIT THIS FILE DIRECTLY.
# yarn lockfile v1


mdi-react@^8.2.0:
  version "8.3.1"
  resolved "https://registry.yarnpkg.com/mdi-react/-/mdi-react-8.3.1.tgz#64e1744125f169ccd9bfaeaecbc77017bd66644a"
  integrity sha512-2L1ie7rypQZZdFcqAJMe5ZLdYcsQVggYH9RC0jolG/5dgUz9vPWR4PBWDZ7XOjqwBzzenRTppui4Y8MZfy8xfA==
